
Microsoft Visual Studio Solution File, Format Version 12.00
# Visual Studio 2012
Project("{FAE04EC0-301F-11D3-BF4B-00C04F79EFBC}") = "MusicStoreSharepointAngular", "MusicStoreSharepointAngular\MusicStoreSharepointAngular.csproj", "{5B097B1F-3C48-4BF8-B70E-1F6B504DFB0E}"
EndProject
Project("{FAE04EC0-301F-11D3-BF4B-00C04F79EFBC}") = "MvcMusicStore", "MvcMusicStore\MvcMusicStore.csproj", "{1D132371-806C-4CE8-9A47-38FAD557E518}"
EndProject
Global
	GlobalSection(SolutionConfigurationPlatforms) = preSolution
		Debug|Any CPU = Debug|Any CPU
		Release|Any CPU = Release|Any CPU
	EndGlobalSection
	GlobalSection(ProjectConfigurationPlatforms) = postSolution
		{5B097B1F-3C48-4BF8-B70E-1F6B504DFB0E}.Debug|Any CPU.ActiveCfg = Debug|Any CPU
		{5B097B1F-3C48-4BF8-B70E-1F6B504DFB0E}.Debug|Any CPU.Build.0 = Debug|Any CPU
		{5B097B1F-3C48-4BF8-B70E-1F6B504DFB0E}.Debug|Any CPU.Deploy.0 = Debug|Any CPU
		{5B097B1F-3C48-4BF8-B70E-1F6B504DFB0E}.Release|Any CPU.ActiveCfg = Release|Any CPU
		{5B097B1F-3C48-4BF8-B70E-1F6B504DFB0E}.Release|Any CPU.Build.0 = Release|Any CPU
		{5B097B1F-3C48-4BF8-B70E-1F6B504DFB0E}.Release|Any CPU.Deploy.0 = Release|Any CPU
		{1D132371-806C-4CE8-9A47-38FAD557E518}.Debug|Any CPU.ActiveCfg = Debug|Any CPU
		{1D132371-806C-4CE8-9A47-38FAD557E518}.Debug|Any CPU.Build.0 = Debug|Any CPU
		{1D132371-806C-4CE8-9A47-38FAD557E518}.Release|Any CPU.ActiveCfg = Release|Any CPU
		{1D132371-806C-4CE8-9A47-38FAD557E518}.Release|Any CPU.Build.0 = Release|Any CPU
	EndGlobalSection
	GlobalSection(SolutionProperties) = preSolution
		HideSolutionNode = FALSE
	EndGlobalSection
EndGlobal
